
Microsoft Visual Studio Solution File, Format Version 12.00
# Visual Studio 15
VisualStudioVersion = 15.0.27130.2036
MinimumVisualStudioVersion = 10.0.40219.1
Project("{2150E333-8FDC-42A3-9474-1A3956D46DE8}") = "StorageAndData", "StorageAndData", "{A8A57DFC-81F6-4A1A-9D45-BC566B5A0CCC}"
EndProject
Project("{2150E333-8FDC-42A3-9474-1A3956D46DE8}") = "AzureResourceManager", "AzureResourceManager", "{B4D2BAE8-CFBA-41F2-9666-868458235B6D}"
EndProject
Project("{2150E333-8FDC-42A3-9474-1A3956D46DE8}") = "IdentityAndManagedServices", "IdentityAndManagedServices", "{AB0131BA-4947-4109-BA74-D13D0FBF74EE}"
EndProject
Project("{2150E333-8FDC-42A3-9474-1A3956D46DE8}") = "AzureWebMobileAndCompute", "AzureWebMobileAndCompute", "{CF7DC023-80C6-4791-B784-9507320E8991}"
EndProject
Project("{2150E333-8FDC-42A3-9474-1A3956D46DE8}") = "AzureFunctions", "AzureFunctions", "{B37FDE85-0473-45AD-BBB8-1B4BBFCF317F}"
EndProject
Project("{2150E333-8FDC-42A3-9474-1A3956D46DE8}") = "WebApps", "WebApps", "{60241152-2DBF-4F68-A740-F1587C0EAA95}"
EndProject
Project("{2150E333-8FDC-42A3-9474-1A3956D46DE8}") = "WebJobs", "WebJobs", "{5ED96949-ACCD-46CD-BCDD-CD09AC95792A}"
EndProject
Project("{2150E333-8FDC-42A3-9474-1A3956D46DE8}") = "AzureMobile", "AzureMobile", "{194F1950-A7B9-4FCA-96B0-E759E8E47755}"
EndProject
Project("{2150E333-8FDC-42A3-9474-1A3956D46DE8}") = "ApiManagement", "ApiManagement", "{C71E9E69-66B7-45DC-9F5E-7B562B4E19E0}"
EndProject
Project("{2150E333-8FDC-42A3-9474-1A3956D46DE8}") = "ServiceFabric", "ServiceFabric", "{4821845D-3630-405A-AE29-BC2D5D63088F}"
EndProject
Project("{9A19103F-16F7-4668-BE54-9A1E7A4F7556}") = "AzureKeyVault", "AzureKeyVault\AzureKeyVault.csproj", "{6ED1750A-538C-4335-A267-E4383AAE3673}"
EndProject
Project("{E24C65DC-7377-472B-9ABA-BC803B73C61A}") = "MVCWeb", "MVCWeb\", "{EF925C02-B413-4838-8B42-840F19BBC5EF}"
	ProjectSection(WebsiteProperties) = preProject
		TargetFrameworkMoniker = ".NETFramework,Version%3Dv4.6.1"
		Debug.AspNetCompiler.VirtualPath = "/localhost_54755"
		Debug.AspNetCompiler.PhysicalPath = "MVCWeb\"
		Debug.AspNetCompiler.TargetPath = "PrecompiledWeb\localhost_54755\"
		Debug.AspNetCompiler.Updateable = "true"
		Debug.AspNetCompiler.ForceOverwrite = "true"
		Debug.AspNetCompiler.FixedNames = "false"
		Debug.AspNetCompiler.Debug = "True"
		Release.AspNetCompiler.VirtualPath = "/localhost_54755"
		Release.AspNetCompiler.PhysicalPath = "MVCWeb\"
		Release.AspNetCompiler.TargetPath = "PrecompiledWeb\localhost_54755\"
		Release.AspNetCompiler.Updateable = "true"
		Release.AspNetCompiler.ForceOverwrite = "true"
		Release.AspNetCompiler.FixedNames = "false"
		Release.AspNetCompiler.Debug = "False"
		VWDPort = "54755"
		SlnRelativePath = "MVCWeb\"
		DefaultWebSiteLanguage = "Visual C#"
	EndProjectSection
EndProject
Project("{F5034706-568F-408A-B7B3-4D38C6DB8A32}") = "AzureRM", "AzureRM\AzureRM.pssproj", "{6CAFC0C6-A428-4D30-A9F9-700E829FEA51}"
EndProject
Project("{FAE04EC0-301F-11D3-BF4B-00C04F79EFBC}") = "BlobsAndFiles", "BlobsAndFiles\BlobsAndFiles.csproj", "{CC44AECD-1E9C-4F63-89D2-833B9DE0E2A5}"
EndProject
Project("{FAE04EC0-301F-11D3-BF4B-00C04F79EFBC}") = "StorageTablesQueuesAndCosmosDB", "StorageTablesQueuesAndCosmosDB\StorageTablesQueuesAndCosmosDB.csproj", "{B2A0C2F9-37DD-48CA-9305-60C006753A23}"
EndProject
Project("{FAE04EC0-301F-11D3-BF4B-00C04F79EFBC}") = "RedisCaching", "RedisCaching\RedisCaching.csproj", "{2A554D3C-723A-41DD-B985-D920F50AD48D}"
EndProject
Project("{FAE04EC0-301F-11D3-BF4B-00C04F79EFBC}") = "AzureSearch", "AzureSearch\AzureSearch.csproj", "{792592D4-29F3-4357-B269-F27586840B4F}"
EndProject
Project("{2150E333-8FDC-42A3-9474-1A3956D46DE8}") = "Bot", "Bot", "{A9F9F074-494A-45A8-AEC5-24CD14C8AD14}"
EndProject
Project("{FAE04EC0-301F-11D3-BF4B-00C04F79EFBC}") = "HotelBot", "HotelBot\HotelBot.csproj", "{3193ABB6-6583-47B4-B33D-7A9EA202CE5C}"
EndProject
Global
	GlobalSection(SolutionConfigurationPlatforms) = preSolution
		Debug|Any CPU = Debug|Any CPU
		Release|Any CPU = Release|Any CPU
	EndGlobalSection
	GlobalSection(ProjectConfigurationPlatforms) = postSolution
		{6ED1750A-538C-4335-A267-E4383AAE3673}.Debug|Any CPU.ActiveCfg = Debug|Any CPU
		{6ED1750A-538C-4335-A267-E4383AAE3673}.Debug|Any CPU.Build.0 = Debug|Any CPU
		{6ED1750A-538C-4335-A267-E4383AAE3673}.Release|Any CPU.ActiveCfg = Release|Any CPU
		{6ED1750A-538C-4335-A267-E4383AAE3673}.Release|Any CPU.Build.0 = Release|Any CPU
		{EF925C02-B413-4838-8B42-840F19BBC5EF}.Debug|Any CPU.ActiveCfg = Debug|Any CPU
		{EF925C02-B413-4838-8B42-840F19BBC5EF}.Debug|Any CPU.Build.0 = Debug|Any CPU
		{EF925C02-B413-4838-8B42-840F19BBC5EF}.Release|Any CPU.ActiveCfg = Debug|Any CPU
		{EF925C02-B413-4838-8B42-840F19BBC5EF}.Release|Any CPU.Build.0 = Debug|Any CPU
		{6CAFC0C6-A428-4D30-A9F9-700E829FEA51}.Debug|Any CPU.ActiveCfg = Debug|Any CPU
		{6CAFC0C6-A428-4D30-A9F9-700E829FEA51}.Debug|Any CPU.Build.0 = Debug|Any CPU
		{6CAFC0C6-A428-4D30-A9F9-700E829FEA51}.Release|Any CPU.ActiveCfg = Release|Any CPU
		{6CAFC0C6-A428-4D30-A9F9-700E829FEA51}.Release|Any CPU.Build.0 = Release|Any CPU
		{CC44AECD-1E9C-4F63-89D2-833B9DE0E2A5}.Debug|Any CPU.ActiveCfg = Debug|Any CPU
		{CC44AECD-1E9C-4F63-89D2-833B9DE0E2A5}.Debug|Any CPU.Build.0 = Debug|Any CPU
		{CC44AECD-1E9C-4F63-89D2-833B9DE0E2A5}.Release|Any CPU.ActiveCfg = Release|Any CPU
		{CC44AECD-1E9C-4F63-89D2-833B9DE0E2A5}.Release|Any CPU.Build.0 = Release|Any CPU
		{B2A0C2F9-37DD-48CA-9305-60C006753A23}.Debug|Any CPU.ActiveCfg = Debug|Any CPU
		{B2A0C2F9-37DD-48CA-9305-60C006753A23}.Debug|Any CPU.Build.0 = Debug|Any CPU
		{B2A0C2F9-37DD-48CA-9305-60C006753A23}.Release|Any CPU.ActiveCfg = Release|Any CPU
		{B2A0C2F9-37DD-48CA-9305-60C006753A23}.Release|Any CPU.Build.0 = Release|Any CPU
		{2A554D3C-723A-41DD-B985-D920F50AD48D}.Debug|Any CPU.ActiveCfg = Debug|Any CPU
		{2A554D3C-723A-41DD-B985-D920F50AD48D}.Debug|Any CPU.Build.0 = Debug|Any CPU
		{2A554D3C-723A-41DD-B985-D920F50AD48D}.Release|Any CPU.ActiveCfg = Release|Any CPU
		{2A554D3C-723A-41DD-B985-D920F50AD48D}.Release|Any CPU.Build.0 = Release|Any CPU
		{792592D4-29F3-4357-B269-F27586840B4F}.Debug|Any CPU.ActiveCfg = Debug|Any CPU
		{792592D4-29F3-4357-B269-F27586840B4F}.Debug|Any CPU.Build.0 = Debug|Any CPU
		{792592D4-29F3-4357-B269-F27586840B4F}.Release|Any CPU.ActiveCfg = Release|Any CPU
		{792592D4-29F3-4357-B269-F27586840B4F}.Release|Any CPU.Build.0 = Release|Any CPU
		{3193ABB6-6583-47B4-B33D-7A9EA202CE5C}.Debug|Any CPU.ActiveCfg = Debug|Any CPU
		{3193ABB6-6583-47B4-B33D-7A9EA202CE5C}.Debug|Any CPU.Build.0 = Debug|Any CPU
		{3193ABB6-6583-47B4-B33D-7A9EA202CE5C}.Release|Any CPU.ActiveCfg = Release|Any CPU
		{3193ABB6-6583-47B4-B33D-7A9EA202CE5C}.Release|Any CPU.Build.0 = Release|Any CPU
	EndGlobalSection
	GlobalSection(SolutionProperties) = preSolution
		HideSolutionNode = FALSE
	EndGlobalSection
	GlobalSection(NestedProjects) = preSolution
		{B37FDE85-0473-45AD-BBB8-1B4BBFCF317F} = {CF7DC023-80C6-4791-B784-9507320E8991}
		{60241152-2DBF-4F68-A740-F1587C0EAA95} = {CF7DC023-80C6-4791-B784-9507320E8991}
		{5ED96949-ACCD-46CD-BCDD-CD09AC95792A} = {CF7DC023-80C6-4791-B784-9507320E8991}
		{194F1950-A7B9-4FCA-96B0-E759E8E47755} = {CF7DC023-80C6-4791-B784-9507320E8991}
		{C71E9E69-66B7-45DC-9F5E-7B562B4E19E0} = {CF7DC023-80C6-4791-B784-9507320E8991}
		{4821845D-3630-405A-AE29-BC2D5D63088F} = {CF7DC023-80C6-4791-B784-9507320E8991}
		{6ED1750A-538C-4335-A267-E4383AAE3673} = {AB0131BA-4947-4109-BA74-D13D0FBF74EE}
		{EF925C02-B413-4838-8B42-840F19BBC5EF} = {C71E9E69-66B7-45DC-9F5E-7B562B4E19E0}
		{6CAFC0C6-A428-4D30-A9F9-700E829FEA51} = {B4D2BAE8-CFBA-41F2-9666-868458235B6D}
		{CC44AECD-1E9C-4F63-89D2-833B9DE0E2A5} = {A8A57DFC-81F6-4A1A-9D45-BC566B5A0CCC}
		{B2A0C2F9-37DD-48CA-9305-60C006753A23} = {A8A57DFC-81F6-4A1A-9D45-BC566B5A0CCC}
		{2A554D3C-723A-41DD-B985-D920F50AD48D} = {AB0131BA-4947-4109-BA74-D13D0FBF74EE}
		{792592D4-29F3-4357-B269-F27586840B4F} = {AB0131BA-4947-4109-BA74-D13D0FBF74EE}
		{3193ABB6-6583-47B4-B33D-7A9EA202CE5C} = {A9F9F074-494A-45A8-AEC5-24CD14C8AD14}
	EndGlobalSection
	GlobalSection(ExtensibilityGlobals) = postSolution
		SolutionGuid = {A698A2D6-A7C1-4FB2-83D0-35CA61FA381B}
	EndGlobalSection
EndGlobal
