
Microsoft Visual Studio Solution File, Format Version 12.00
# Visual Studio 15
VisualStudioVersion = 15.0.27130.2024
MinimumVisualStudioVersion = 10.0.40219.1
Project("{2150E333-8FDC-42A3-9474-1A3956D46DE8}") = "StorageAndData", "StorageAndData", "{A8A57DFC-81F6-4A1A-9D45-BC566B5A0CCC}"
EndProject
Project("{2150E333-8FDC-42A3-9474-1A3956D46DE8}") = "AzureResourceManager", "AzureResourceManager", "{B4D2BAE8-CFBA-41F2-9666-868458235B6D}"
EndProject
Project("{2150E333-8FDC-42A3-9474-1A3956D46DE8}") = "IdentityAndManagedServices", "IdentityAndManagedServices", "{AB0131BA-4947-4109-BA74-D13D0FBF74EE}"
EndProject
Project("{2150E333-8FDC-42A3-9474-1A3956D46DE8}") = "AzureWebMobileAndCompute", "AzureWebMobileAndCompute", "{CF7DC023-80C6-4791-B784-9507320E8991}"
EndProject
Project("{FAE04EC0-301F-11D3-BF4B-00C04F79EFBC}") = "StorageBlobsAndFiles", "StorageBlobsAndFiles\StorageBlobsAndFiles.csproj", "{A0EDD586-74B9-4784-824A-22D4A0CD9C1B}"
EndProject
Project("{FAE04EC0-301F-11D3-BF4B-00C04F79EFBC}") = "StorageTablesQueuesAndCosmosDB", "StorageTablesQueuesAndCosmosDB\StorageTablesQueuesAndCosmosDB.csproj", "{F2C5F507-F204-490E-A48D-44DE091DEA16}"
EndProject
Project("{FAE04EC0-301F-11D3-BF4B-00C04F79EFBC}") = "SQLAndCosmosDB", "SQLAndCosmosDB\SQLAndCosmosDB.csproj", "{75BE703A-7323-4149-8EE6-89BE270872ED}"
EndProject
Project("{FAE04EC0-301F-11D3-BF4B-00C04F79EFBC}") = "AzureSearchAndRedisCaching", "AzureSearchAndRedisCaching\AzureSearchAndRedisCaching.csproj", "{47A93907-108B-4C67-93B0-3544BC4AADC5}"
EndProject
Project("{2150E333-8FDC-42A3-9474-1A3956D46DE8}") = "AzureFunctions", "AzureFunctions", "{B37FDE85-0473-45AD-BBB8-1B4BBFCF317F}"
EndProject
Project("{2150E333-8FDC-42A3-9474-1A3956D46DE8}") = "WebApps", "WebApps", "{60241152-2DBF-4F68-A740-F1587C0EAA95}"
EndProject
Project("{2150E333-8FDC-42A3-9474-1A3956D46DE8}") = "WebJobs", "WebJobs", "{5ED96949-ACCD-46CD-BCDD-CD09AC95792A}"
EndProject
Project("{2150E333-8FDC-42A3-9474-1A3956D46DE8}") = "AzureMobile", "AzureMobile", "{194F1950-A7B9-4FCA-96B0-E759E8E47755}"
EndProject
Project("{2150E333-8FDC-42A3-9474-1A3956D46DE8}") = "ApiManagement", "ApiManagement", "{C71E9E69-66B7-45DC-9F5E-7B562B4E19E0}"
EndProject
Project("{2150E333-8FDC-42A3-9474-1A3956D46DE8}") = "ServiceFabric", "ServiceFabric", "{4821845D-3630-405A-AE29-BC2D5D63088F}"
EndProject
Global
	GlobalSection(SolutionConfigurationPlatforms) = preSolution
		Debug|Any CPU = Debug|Any CPU
		Release|Any CPU = Release|Any CPU
	EndGlobalSection
	GlobalSection(ProjectConfigurationPlatforms) = postSolution
		{A0EDD586-74B9-4784-824A-22D4A0CD9C1B}.Debug|Any CPU.ActiveCfg = Debug|Any CPU
		{A0EDD586-74B9-4784-824A-22D4A0CD9C1B}.Debug|Any CPU.Build.0 = Debug|Any CPU
		{A0EDD586-74B9-4784-824A-22D4A0CD9C1B}.Release|Any CPU.ActiveCfg = Release|Any CPU
		{A0EDD586-74B9-4784-824A-22D4A0CD9C1B}.Release|Any CPU.Build.0 = Release|Any CPU
		{F2C5F507-F204-490E-A48D-44DE091DEA16}.Debug|Any CPU.ActiveCfg = Debug|Any CPU
		{F2C5F507-F204-490E-A48D-44DE091DEA16}.Debug|Any CPU.Build.0 = Debug|Any CPU
		{F2C5F507-F204-490E-A48D-44DE091DEA16}.Release|Any CPU.ActiveCfg = Release|Any CPU
		{F2C5F507-F204-490E-A48D-44DE091DEA16}.Release|Any CPU.Build.0 = Release|Any CPU
		{75BE703A-7323-4149-8EE6-89BE270872ED}.Debug|Any CPU.ActiveCfg = Debug|Any CPU
		{75BE703A-7323-4149-8EE6-89BE270872ED}.Debug|Any CPU.Build.0 = Debug|Any CPU
		{75BE703A-7323-4149-8EE6-89BE270872ED}.Release|Any CPU.ActiveCfg = Release|Any CPU
		{75BE703A-7323-4149-8EE6-89BE270872ED}.Release|Any CPU.Build.0 = Release|Any CPU
		{47A93907-108B-4C67-93B0-3544BC4AADC5}.Debug|Any CPU.ActiveCfg = Debug|Any CPU
		{47A93907-108B-4C67-93B0-3544BC4AADC5}.Debug|Any CPU.Build.0 = Debug|Any CPU
		{47A93907-108B-4C67-93B0-3544BC4AADC5}.Release|Any CPU.ActiveCfg = Release|Any CPU
		{47A93907-108B-4C67-93B0-3544BC4AADC5}.Release|Any CPU.Build.0 = Release|Any CPU
	EndGlobalSection
	GlobalSection(SolutionProperties) = preSolution
		HideSolutionNode = FALSE
	EndGlobalSection
	GlobalSection(NestedProjects) = preSolution
		{A0EDD586-74B9-4784-824A-22D4A0CD9C1B} = {A8A57DFC-81F6-4A1A-9D45-BC566B5A0CCC}
		{F2C5F507-F204-490E-A48D-44DE091DEA16} = {A8A57DFC-81F6-4A1A-9D45-BC566B5A0CCC}
		{75BE703A-7323-4149-8EE6-89BE270872ED} = {A8A57DFC-81F6-4A1A-9D45-BC566B5A0CCC}
		{47A93907-108B-4C67-93B0-3544BC4AADC5} = {A8A57DFC-81F6-4A1A-9D45-BC566B5A0CCC}
		{B37FDE85-0473-45AD-BBB8-1B4BBFCF317F} = {CF7DC023-80C6-4791-B784-9507320E8991}
		{60241152-2DBF-4F68-A740-F1587C0EAA95} = {CF7DC023-80C6-4791-B784-9507320E8991}
		{5ED96949-ACCD-46CD-BCDD-CD09AC95792A} = {CF7DC023-80C6-4791-B784-9507320E8991}
		{194F1950-A7B9-4FCA-96B0-E759E8E47755} = {CF7DC023-80C6-4791-B784-9507320E8991}
		{C71E9E69-66B7-45DC-9F5E-7B562B4E19E0} = {CF7DC023-80C6-4791-B784-9507320E8991}
		{4821845D-3630-405A-AE29-BC2D5D63088F} = {CF7DC023-80C6-4791-B784-9507320E8991}
	EndGlobalSection
	GlobalSection(ExtensibilityGlobals) = postSolution
		SolutionGuid = {A698A2D6-A7C1-4FB2-83D0-35CA61FA381B}
	EndGlobalSection
EndGlobal
